
Microsoft Visual Studio Solution File, Format Version 12.00
# Visual Studio Version 16
VisualStudioVersion = 16.0.34601.136
MinimumVisualStudioVersion = 10.0.40219.1
Project("{FAE04EC0-301F-11D3-BF4B-00C04F79EFBC}") = "kanz-waqasahmed", "kanz-waqasahmed.csproj", "{7935A255-C5F6-47A3-A0E1-E29F0831B0D0}"
EndProject
Global
	GlobalSection(SolutionConfigurationPlatforms) = preSolution
		Debug|Any CPU = Debug|Any CPU
		Release|Any CPU = Release|Any CPU
	EndGlobalSection
	GlobalSection(ProjectConfigurationPlatforms) = postSolution
		{7935A255-C5F6-47A3-A0E1-E29F0831B0D0}.Debug|Any CPU.ActiveCfg = Debug|Any CPU
		{7935A255-C5F6-47A3-A0E1-E29F0831B0D0}.Debug|Any CPU.Build.0 = Debug|Any CPU
		{7935A255-C5F6-47A3-A0E1-E29F0831B0D0}.Release|Any CPU.ActiveCfg = Release|Any CPU
		{7935A255-C5F6-47A3-A0E1-E29F0831B0D0}.Release|Any CPU.Build.0 = Release|Any CPU
	EndGlobalSection
	GlobalSection(SolutionProperties) = preSolution
		HideSolutionNode = FALSE
	EndGlobalSection
	GlobalSection(ExtensibilityGlobals) = postSolution
		SolutionGuid = {68D53630-825C-4C2A-BB7A-B6DECEFF3A31}
	EndGlobalSection
EndGlobal
